
Microsoft Visual Studio Solution File, Format Version 12.00
# Visual Studio Version 17
VisualStudioVersion = 17.0.31903.59
MinimumVisualStudioVersion = 10.0.40219.1
Project("{2150E333-8FDC-42A3-9474-1A3956D46DE8}") = "source", "source", "{ABE223E0-6440-424E-A2B0-29C0E9F006EE}"
EndProject
Project("{FAE04EC0-301F-11D3-BF4B-00C04F79EFBC}") = "TurtleEngine", "source\TurtleEngine\TurtleEngine.csproj", "{EE65BCA3-D6A2-42BD-BBA5-1468DA61DEBB}"
EndProject
Global
	GlobalSection(SolutionConfigurationPlatforms) = preSolution
		Debug|Any CPU = Debug|Any CPU
		Release|Any CPU = Release|Any CPU
	EndGlobalSection
	GlobalSection(SolutionProperties) = preSolution
		HideSolutionNode = FALSE
	EndGlobalSection
	GlobalSection(ProjectConfigurationPlatforms) = postSolution
		{EE65BCA3-D6A2-42BD-BBA5-1468DA61DEBB}.Debug|Any CPU.ActiveCfg = Debug|Any CPU
		{EE65BCA3-D6A2-42BD-BBA5-1468DA61DEBB}.Debug|Any CPU.Build.0 = Debug|Any CPU
		{EE65BCA3-D6A2-42BD-BBA5-1468DA61DEBB}.Release|Any CPU.ActiveCfg = Release|Any CPU
		{EE65BCA3-D6A2-42BD-BBA5-1468DA61DEBB}.Release|Any CPU.Build.0 = Release|Any CPU
	EndGlobalSection
	GlobalSection(NestedProjects) = preSolution
		{EE65BCA3-D6A2-42BD-BBA5-1468DA61DEBB} = {ABE223E0-6440-424E-A2B0-29C0E9F006EE}
	EndGlobalSection
EndGlobal
